
Microsoft Visual Studio Solution File, Format Version 12.00
# Visual Studio Version 17
VisualStudioVersion = 17.14.36518.9 d17.14
MinimumVisualStudioVersion = 10.0.40219.1
Project("{FAE04EC0-301F-11D3-BF4B-00C04F79EFBC}") = "Coursework-COMP1551", "Coursework-COMP1551\Coursework-COMP1551.csproj", "{F66870BB-0816-4A76-93A3-DC664F037124}"
EndProject
Global
	GlobalSection(SolutionConfigurationPlatforms) = preSolution
		Debug|Any CPU = Debug|Any CPU
		Release|Any CPU = Release|Any CPU
	EndGlobalSection
	GlobalSection(ProjectConfigurationPlatforms) = postSolution
		{F66870BB-0816-4A76-93A3-DC664F037124}.Debug|Any CPU.ActiveCfg = Debug|Any CPU
		{F66870BB-0816-4A76-93A3-DC664F037124}.Debug|Any CPU.Build.0 = Debug|Any CPU
		{F66870BB-0816-4A76-93A3-DC664F037124}.Release|Any CPU.ActiveCfg = Release|Any CPU
		{F66870BB-0816-4A76-93A3-DC664F037124}.Release|Any CPU.Build.0 = Release|Any CPU
	EndGlobalSection
	GlobalSection(SolutionProperties) = preSolution
		HideSolutionNode = FALSE
	EndGlobalSection
	GlobalSection(ExtensibilityGlobals) = postSolution
		SolutionGuid = {23ADC4A4-3EA1-4CB9-9831-A6AB5972BCEA}
	EndGlobalSection
EndGlobal
